{
    "_meta": {
        "hash": {
            "sha256": "e470de65daee32509c24afccc8eeb0703bb37b445f39225696fc97904cdb6aff"
        },
        "host-environment-markers": {
            "implementation_name": "cpython",
            "implementation_version": "3.5.2",
            "os_name": "posix",
            "platform_machine": "x86_64",
            "platform_python_implementation": "CPython",
            "platform_release": "4.13.0-43-generic",
            "platform_system": "Linux",
            "platform_version": "#48~16.04.1-Ubuntu SMP Thu May 17 12:56:46 UTC 2018",
            "python_full_version": "3.5.2",
            "python_version": "3.5",
            "sys_platform": "linux"
        },
        "pipfile-spec": 6,
        "requires": {
            "python_version": "3.5"
        },
        "sources": [
            {
                "name": "pypi",
                "url": "https://pypi.python.org/simple",
                "verify_ssl": true
            }
        ]
    },
    "default": {
        "autoflake": {
            "hashes": [
                "sha256:c103e63466f11db3617167a2c68ff6a0cda35b940222920631c6eeec6b67e807"
            ],
            "version": "==1.2"
        },
        "bleach": {
            "hashes": [
                "sha256:e67f46adcec78dbc3c04462f3aba3213a673d5652eba2609ed1ef15492a44b8d",
                "sha256:978e758599b54cd3caa2e160d74102879b230ea8dc93871d0783721eef58bc65"
            ],
            "version": "==1.5.0"
        },
        "certifi": {
            "hashes": [
                "sha256:9fa520c1bacfb634fa7af20a76bcbd3d5fb390481724c597da32c719a7dca4b0",
                "sha256:13e698f54293db9f89122b0581843a782ad0934a4fe0172d2a980ba77fc61bb7"
            ],
            "version": "==2018.4.16"
        },
        "chardet": {
            "hashes": [
                "sha256:fc323ffcaeaed0e0a02bf4d117757b98aed530d9ed4531e3e15460124c106691",
                "sha256:84ab92ed1c4d4f16916e05906b6b75a6c0fb5db821cc65e70cbd64a3e2a5eaae"
            ],
            "version": "==3.0.4"
        },
        "cycler": {
            "hashes": [
                "sha256:1d8a5ae1ff6c5cf9b93e8811e581232ad8920aeec647c37316ceac982b08cb2d",
                "sha256:cd7b2d1018258d7247a71425e9f26463dfb444d411c39569972f4ce586b0c9d8"
            ],
            "version": "==0.10.0"
        },
        "cython": {
            "hashes": [
                "sha256:cc4152b19ec168391f7815d24b70c8911829ba281bd5fcd98cab9dc21abe62ff",
                "sha256:62b594584889b33bbea7e71f9d7c5c6539091b341334ef7ca1ae7e30a9dd3e15",
                "sha256:15614592616b6dd5e919e158796350ebeba6cb6b5d2998cfff41b53f568c8355",
                "sha256:295facc211a6b55db9979455b856180f2839be22ab767ffdea55986bee83ca9f",
                "sha256:85b04e32af58a3c008c0ba8169017770aaa342a5972b748f81d043d66363e437",
                "sha256:f99a777fda569a88deea863eac2722b5e88957c4d5f4413949740da791857ac9",
                "sha256:8011090beb09251cb4ece1e14263e574b38eda696b788552b369ad343373d0e9",
                "sha256:edd7d499685655031be5b4d33005096b6345f81eeb7ab9d2dd415db0c7bcf64e",
                "sha256:a1af59e6c9b4acc07c429d8495fc016a35e0a1270f28c57317352f512df7e214",
                "sha256:56821e3791209e6a11992e294afbf7e3dcda7d4fd54d06396dd521928d3d14fe",
                "sha256:d7152006ed1a3adb8f978077b57d237ddafa188240af53cd72b5c79e4ed000e3",
                "sha256:70f81a75fb25c1c3c61843e3a6fe771a76c4ebf4d154455a7eff0740ad47dff4",
                "sha256:e5f877472993474296125c22b84c334b550010815e513cccce73da854a132d64",
                "sha256:0f2b2e09f94c498f555935e732b7321b5f62f00e7a789238f6c5ddd66987a54d",
                "sha256:0344e9352b0915910e212c38403b63f902ce1cba75dde7a43a9112ff960eb2a5",
                "sha256:36c16bf39280fe857213d8da31c07a6179d3878c3dc2e435dce0974b9f8f0729",
                "sha256:b894ff4daf8dfaf657bf2d5e7190a4de11b2400b1e0fb0902974d35c23a26dea",
                "sha256:80d6a0369333a162fc32a22637f5870f3e87fb038c7b58860bbe00b05b58aa62",
                "sha256:c981a750858f1727995acf861ab030b267d264ca6efda2f01104941187a3675f",
                "sha256:d0f5b1668e7f7f6fc9849f49a20c5db10562a0ab29cd66818894dfebbca7b304",
                "sha256:0a390c39e912fc5f82d5feae2d16ea061971407099e1efb0fecb255cb96fbeff",
                "sha256:e7c2c87ff2f99ed4be1bb046d6eddfb388af627928037f9e0a420c05daaf14ed",
                "sha256:3fef8dfa9cf86ab7814ca31369374ddd5b9524f54406aa83b53b5937965b8e88",
                "sha256:c2659981150b4de04397dcfd4bff64e384d3ba25af60d1b22820fdf108298cb2",
                "sha256:455ab39c6c0849a6c008fcdf2fae42475f18d0801a3be229e8f75367bbe3b325",
                "sha256:9ed273d82116fa148c92901b9639030e087979d455982bd7bf727fb486c0bd17",
                "sha256:200583297f23e558744bc4688d8a2b2605ab6ad7d1494a9fd8c8094ad65ebf3c",
                "sha256:439d233d3214e3d69c033a9a93516758f2c8a03e83ea51ae14b6eed13687d224",
                "sha256:1aae6d6e9858888144cea147eb5e677830f45faaff3d305d77378c3cba55f526"
            ],
            "version": "==0.28.3"
        },
        "decorator": {
            "hashes": [
                "sha256:2c51dff8ef3c447388fe5e4453d24a2bf128d3a4c32af3fabef1f01c6851ab82",
                "sha256:c39efa13fbdeb4506c476c9b3babf6a718da943dab7811c206005a4a956c080c"
            ],
            "version": "==4.3.0"
        },
        "easydict": {
            "hashes": [
                "sha256:1b752460a6e6bac4f96cd050d41558ac2f4315c352b1275974b374c29be4f6f6"
            ],
            "version": "==1.7"
        },
        "enum34": {
            "hashes": [
                "sha256:6bd0f6ad48ec2aa117d3d141940d484deccda84d4fcd884f5c3d93c23ecd8c79",
                "sha256:644837f692e5f550741432dd3f223bbb9852018674981b1664e5dc339387588a",
                "sha256:8ad8c4783bf61ded74527bffb48ed9b54166685e4230386a9ed9b1279e2df5b1",
                "sha256:2d81cbbe0e73112bdfe6ef8576f2238f2ba27dd0d55752a776c41d38b7da2850"
            ],
            "version": "==1.1.6"
        },
        "html5lib": {
            "hashes": [
                "sha256:2612a191a8d5842bfa057e41ba50bbb9dcb722419d2408c78cff4758d0754868"
            ],
            "version": "==0.9999999"
        },
        "idna": {
            "hashes": [
                "sha256:8c7309c718f94b3a625cb648ace320157ad16ff131ae0af362c9f21b80ef6ec4",
                "sha256:2c6a5de3089009e3da7c5dde64a141dbc8551d5b7f6cf4ed7c2568d0cc520a8f"
            ],
            "version": "==2.6"
        },
        "imageio": {
            "hashes": [
                "sha256:0f8281453c74433fcf4c7a1cf36801e6da9a4ba3117799fffd5a4db7d745e1b7",
                "sha256:c4fd5183c342d47fdc2e98552d14e3f24386021bbc3efedd1e3b579d7d249c07"
            ],
            "version": "==2.3.0"
        },
        "isort": {
            "hashes": [
                "sha256:ec9ef8f4a9bc6f71eec99e1806bfa2de401650d996c59330782b89a5555c1497",
                "sha256:1153601da39a25b14ddc54955dbbacbb6b2d19135386699e2ad58517953b34af",
                "sha256:b9c40e9750f3d77e6e4d441d8b0266cf555e7cdabdcff33c4fd06366ca761ef8"
            ],
            "version": "==4.3.4"
        },
        "kiwisolver": {
            "hashes": [
                "sha256:8b6a7b596ce1d2a6d93c3562f1178ebd3b7bb445b3b0dd33b09f9255e312a965",
                "sha256:1a078f5dd7e99317098f0e0d490257fd0349d79363e8c923d5bb76428f318421",
                "sha256:e0f910f84b35c36a3513b96d816e6442ae138862257ae18a0019d2fc67b041dc",
                "sha256:aaec1cfd94f4f3e9a25e144d5b0ed1eb8a9596ec36d7318a504d813412563a85",
                "sha256:f923406e6b32c86309261b8195e24e18b6a8801df0cfc7814ac44017bfcb3939",
                "sha256:4329008a167fac233e398e8a600d1b91539dc33c5a3eadee84c0d4b04d4494fa",
                "sha256:3b791ddf2aefc56382aadc26ea5b352e86a2921e4e85c31c1f770f527eb06ce4",
                "sha256:379d97783ba8d2934d52221c833407f20ca287b36d949b4bba6c75274bcf6363",
                "sha256:1aa0b55a0eb1bd3fa82e704f44fb8f16e26702af1a073cc5030eea399e617b56",
                "sha256:ea36e19ac0a483eea239320aef0bd40702404ff8c7e42179a2d9d36c5afcb55c",
                "sha256:0f7f532f3c94e99545a29f4c3f05637f4d2713e7fd91b4dd8abfc18340b86cd5",
                "sha256:2874060b91e131ceeff00574b7c2140749c9355817a4ed498e82a4ffa308ecbc",
                "sha256:95a25d9f3449046ecbe9065be8f8380c03c56081bc5d41fe0fb964aaa30b2195",
                "sha256:79e5fe3ccd5144ae80777e12973027bd2f4f5e3ae8eb286cabe787bed9780138",
                "sha256:9576cb63897fbfa69df60f994082c3f4b8e6adb49cccb60efb2a80a208e6f996",
                "sha256:0ee4ed8b3ae8f5f712b0aa9ebd2858b5b232f1b9a96b0943dceb34df2a223bc3",
                "sha256:66f82819ff47fa67a11540da96966fb9245504b7f496034f534b81cacf333861",
                "sha256:b1c240d565e977d80c0083404c01e4d59c5772c977fae2c483f100567f50847b",
                "sha256:53a5b27e6b5717bdc0125338a822605084054c80f382051fb945d2c0e6899a20",
                "sha256:acb673eecbae089ea3be3dcf75bfe45fc8d4dcdc951e27d8691887963cf421c7",
                "sha256:b15bc8d2c2848a4a7c04f76c9b3dc3561e95d4dabc6b4f24bfabe5fd81a0b14f",
                "sha256:45813e0873bbb679334a161b28cb9606d9665e70561fd6caa8863e279b5e464b",
                "sha256:ce3be5d520b4d2c3e5eeb4cd2ef62b9b9ab8ac6b6fedbaa0e39cdb6f50644278"
            ],
            "version": "==1.0.1"
        },
        "logbook": {
            "hashes": [
                "sha256:e273188067df6c82b09a0b51d1034628fcd2dab300a074c89e64c4dbbbec0328",
                "sha256:97a827a49db0f543cf67a87dbbb7f3164383c801c28641630e200d00c396baa8",
                "sha256:f25f247eed81b7befca3a4646a266c7f6f328a7152d75223f9d3d0ee6476c015",
                "sha256:f4d0b079756f99181d7d87b701b09af1f5d8b17110fe39465cc7afd94db1e95c",
                "sha256:3c0a3ebd48e89fcdd725fe393eb9226c789dca5a4e7842d65e2f256645fd1cd9"
            ],
            "version": "==1.4.0"
        },
        "markdown": {
            "hashes": [
                "sha256:9ba587db9daee7ec761cfc656272be6aabe2ed300fece21208e4aab2e457bc8f",
                "sha256:a856869c7ff079ad84a3e19cd87a64998350c2b94e9e08e44270faef33400f81"
            ],
            "version": "==2.6.11"
        },
        "matplotlib": {
            "hashes": [
                "sha256:3fd90b407d1ab0dae686a4200030ce305526ff20b85a443dc490d194114b2dfa",
                "sha256:7b3d03c876684618e2a2be6abeb8d3a033c3a1bb38a786f751199753ef6227e6",
                "sha256:abfd3d9390eb4f2d82cbcaa3a5c2834c581329b64eccb7a071ed9d5df27424f7",
                "sha256:07055eb872fa109bd88f599bdb52065704b2e22d475b67675f345d75d32038a0",
                "sha256:0f2f253d6d51f5ed52a819921f8a0a8e054ce0daefcfbc2557e1c433f14dc77d",
                "sha256:1ef9fd285334bd6b0495b6de9d56a39dc95081577f27bafabcf28e0d318bed31",
                "sha256:70f0e407fbe9e97f16597223269c849597047421af5eb8b60dbaca0382037e78",
                "sha256:3fb2db66ef98246bafc04b4ef4e9b0e73c6369f38a29716844e939d197df816a",
                "sha256:dc0ba2080fd0cfdd07b3458ee4324d35806733feb2b080838d7094731d3f73d9",
                "sha256:4bb10087e09629ba3f9b25b6c734fd3f99542f93d71c5b9c023f28cb377b43a9",
                "sha256:bc4d7481f0e8ec94cb1afc4a59905d6274b3b4c389aba7a2539e071766671735",
                "sha256:4f6a516d5ef39128bb16af7457e73dde25c30625c4916d8fbd1cc7c14c55e691",
                "sha256:8ff08eaa25c66383fe3b6c7eb288da3c22dcedc4b110a0b592b35f68d0e093b2",
                "sha256:f26fba7fc68994ab2805d77e0695417f9377a00d36ba4248b5d0f1e5adb08d24",
                "sha256:8944d311ce37bee1ba0e41a9b58dcf330ffe0cf29d7654c3d07c572215da68ac",
                "sha256:45dac8589ef1721d7f2ab0f48f986694494dfcc5d13a3e43a5cb6c816276094e",
                "sha256:9d12378d6a236aa38326e27f3a29427b63edce4ce325745785aec1a7535b1f85",
                "sha256:4dc7ef528aad21f22be85e95725234c5178c0f938e2228ca76640e5e84d8cde8"
            ],
            "version": "==2.2.2"
        },
        "networkx": {
            "hashes": [
                "sha256:64272ca418972b70a196cb15d9c85a5a6041f09a2f32e0d30c0255f25d458bb1"
            ],
            "version": "==2.1"
        },
        "numpy": {
            "hashes": [
                "sha256:a8dbab311d4259de5eeaa5b4e83f5f8545e4808f9144e84c0f424a6ee55a7b98",
                "sha256:034717bfef517858abc79324820a702dc6cd063effb9baab86533e8a78670689",
                "sha256:f39afab5769b3aaa786634b94b4a23ef3c150bdda044e8a32a3fc16ddafe803b",
                "sha256:8670067685051b49d1f2f66e396488064299fefca199c7c80b6ba0c639fedc98",
                "sha256:0db6301324d0568089663ef2701ad90ebac0e975742c97460e89366692bd0563",
                "sha256:98ff275f1b5907490d26b30b6ff111ecf2de0254f0ab08833d8fe61aa2068a00",
                "sha256:aaef1bea636b6e552bbc5dae0ada87d4f6046359daaa97a05a013b0169620f27",
                "sha256:760550fdf9d8ec7da9c4402a4afe6e25c0f184ae132011676298a6b636660b45",
                "sha256:e8578a62a8eaf552b95d62f630bb5dd071243ba1302bbff3e55ac48588508736",
                "sha256:e33baf50f2f6b7153ddb973601a11df852697fba4c08b34a5e0f39f66f8120e1",
                "sha256:0074d42e2cc333800bd09996223d40ec52e3b1ec0a5cab05dacc09b662c4c1ae",
                "sha256:c3fe23df6fe0898e788581753da453f877350058c5982e85a8972feeecb15309",
                "sha256:1864d005b2eb7598063e35c320787d87730d864f40d6410f768fe4ea20672016",
                "sha256:f22b3206f1c561dd9110b93d144c6aaa4a9a354e3b07ad36030df3ea92c5bb5b",
                "sha256:c80fcf9b38c7f4df666150069b04abbd2fe42ae640703a6e1f128cda83b552b7",
                "sha256:510863d606c932b41d2209e4de6157ab3fdf52001d3e4ad351103176d33c4b8b",
                "sha256:c5eb7254cfc4bd7a4330ad7e1f65b98343836865338c57b0e25c661e41d5cfd9",
                "sha256:b8987e30d9a0eb6635df9705a75cf8c4a2835590244baecf210163343bc65176",
                "sha256:57dc6c22d59054542600fce6fae2d1189b9c50bafc1aab32e55f7efcc84a6c46",
                "sha256:46ce8323ca9384814c7645298b8b627b7d04ce97d6948ef02da357b2389d6972",
                "sha256:9ccf4d5c9139b1e985db915039baa0610a7e4a45090580065f8d8cb801b7422f",
                "sha256:560e23a12e7599be8e8b67621396c5bc687fd54b48b890adbc71bc5a67333f86",
                "sha256:9016692c7d390f9d378fc88b7a799dc9caa7eb938163dda5276d3f3d6f75debf"
            ],
            "version": "==1.14.3"
        },
        "pillow": {
            "hashes": [
                "sha256:f0d4433adce6075efd24fc0285135248b0b50f5a58129c7e552030e04fe45c7f",
                "sha256:81762cf5fca9a82b53b7b2d0e6b420e0f3b06167b97678c81d00470daa622d58",
                "sha256:b48401752496757e95304a46213c3155bc911ac884bed2e9b275ce1c1df3e293",
                "sha256:040144ba422216aecf7577484865ade90e1a475f867301c48bf9fbd7579efd76",
                "sha256:b6cf18f9e653a8077522bb3aa753a776b117e3e0cc872c25811cfdf1459491c2",
                "sha256:4d32c8e3623a61d6e29ccd024066cd1ba556555abfb4cd714155020e00107e3f",
                "sha256:438a3faf5f702c8d0f80b9f9f9b8382cfa048ca6a0d64ef71b86b563b0ee0359",
                "sha256:1cb38df69362af35c14d4a50123b63c7ff18ec9a6d4d5da629a6f19d05e16ba8",
                "sha256:4d8077fd649ac40a5c4165f2c22fa2a4ad18c668e271ecb2f9d849d1017a9313",
                "sha256:bb8adab1877e9213385cbb1adc297ed8337e01872c42a30cfaa66ff8c422779c",
                "sha256:f1f3bd92f8e12dc22884935a73c9f94c4d9bd0d34410c456540713d6b7832b8c",
                "sha256:6eca36905444c4b91fe61f1b9933a47a30480738a1dd26501ff67d94fc2bc112",
                "sha256:f7634d534662bbb08976db801ba27a112aee23e597eeaf09267b4575341e45bf",
                "sha256:eeb247f4f4d962942b3b555530b0c63b77473c7bfe475e51c6b75b7344b49ce3",
                "sha256:ea0091cd4100519cedfeea2c659f52291f535ac6725e2368bcf59e874f270efa",
                "sha256:e87cc1acbebf263f308a8494272c2d42016aa33c32bf14d209c81e1f65e11868",
                "sha256:3b4560c3891b05022c464b09121bd507c477505a4e19d703e1027a3a7c68d896",
                "sha256:7673e7473a13107059377c96c563aa36f73184c29d2926882e0a0210b779a1e7",
                "sha256:fe6931db24716a0845bd8c8915bd096b77c2a7043e6fc59ae9ca364fe816f08b",
                "sha256:f5f302db65e2e0ae96e26670818157640d3ca83a3054c290eff3631598dcf819",
                "sha256:9b66e968da9c4393f5795285528bc862c7b97b91251f31a08004a3c626d18114",
                "sha256:62ec7ae98357fcd46002c110bb7cad15fce532776f0cbe7ca1d44c49b837d49d",
                "sha256:d0dc1313dff48af64517cbbd85e046d6b477fbe5e9d69712801f024dcb08c62b",
                "sha256:00633bc2ec40313f4daf351855e506d296ec3c553f21b66720d0f1225ca84c6f",
                "sha256:16246261ff22368e5e32ad74d5ef40403ab6895171a7fc6d34f6c17cfc0f1943",
                "sha256:e52e8f675ba0b2b417fa98579e7286a41a8e23871f17f4793772f5aa884fea79",
                "sha256:6c7cab6a05351cf61e469937c49dbf3cdf5ffb3eeac71f8d22dc9be3507598d8",
                "sha256:e39142332541ed2884c257495504858b22c078a5d781059b07aba4c3a80d7551",
                "sha256:8554bbeb4218d9cfb1917c69e6f2d2ad0be9b18a775d2162547edf992e1f5f1f",
                "sha256:2400e122f7b21d9801798207e424cbe1f716cee7314cd0c8963fdb6fc564b5fb",
                "sha256:a00edb2dec0035e98ac3ec768086f0b06dfabb4ad308592ede364ef573692f55",
                "sha256:fdd374c02e8bb2d6468a85be50ea66e1c4ef9e809974c30d8576728473a6ed03",
                "sha256:df5863a21f91de5ecdf7d32a32f406dd9867ebb35d41033b8bd9607a21887599",
                "sha256:472a124c640bde4d5468f6991c9fa7e30b723d84ac4195a77c6ab6aea30f2b9c",
                "sha256:cee9bc75bff455d317b6947081df0824a8f118de2786dc3d74a3503fd631f4ef",
                "sha256:2ee6364b270b56a49e8b8a51488e847ab130adc1220c171bed6818c0d4742455",
                "sha256:03514478db61b034fc5d38b9bf060f994e5916776e93f02e59732a8270069c61",
                "sha256:74e2ebfd19c16c28ad43b8a28ff73b904ed382ea4875188838541751986e8c9a",
                "sha256:e6dd55d5d94b9e36929325dd0c9ab85bfde84a5fc35947c334c32af1af668944",
                "sha256:f42a87cbf50e905f49f053c0b1fb86c911c730624022bf44c8857244fc4cdaca",
                "sha256:d5bf527ed83617edd1855a5c923eeeaf68bcb9ac0ceb28e3f19b575b3a424984",
                "sha256:41374a6afb3f44794410dab54a0d7175e6209a5a02d407119c81083f1a4c1841",
                "sha256:c8a4b39ba380b57a31a4b5449a9d257b1302d8bc4799767e645dcee25725efe1"
            ],
            "version": "==5.1.0"
        },
        "pkginfo": {
            "hashes": [
                "sha256:a39076cb3eb34c333a0dd390b568e9e1e881c7bf2cc0aee12120636816f55aee",
                "sha256:5878d542a4b3f237e359926384f1dde4e099c9f5525d236b1840cf704fa8d474"
            ],
            "version": "==1.4.2"
        },
        "progressbar2": {
            "hashes": [
                "sha256:ecc9d16756a424952914a87d73658479e4c50919781bf959480b83f64e88a582",
                "sha256:6d74a176838daa519e0adcbb3a528aaa04205df6b1dc4eeb3ed62fb3073f1431"
            ],
            "version": "==3.37.1"
        },
        "protobuf": {
            "hashes": [
                "sha256:ac0067e3c60737865ed72bb7416e02297d229d960902802d874c0e167128c809",
                "sha256:5c1c8f6a0a68a874e3beff89255959dd80fad45870e96c88944a1b81a22dd5f5",
                "sha256:7c193e6964e752bd056735594826c5b03274ceb8f07349d3ae47d9766250ba96",
                "sha256:bcfa99f5a82f5eaaf6e5cee5bfdca5a1670f5740aec1d93dae170645ed1a16b0",
                "sha256:e269ab7a50bf0fa6fe6a88ea7dcc7a1079ae9450d9ab9b7730ac32916d55508b",
                "sha256:01ccd6d03449ae75b779fb5bf4ed62177d61afe3c5e6465ccf3f8b2e1a84afbe",
                "sha256:628a3bf0794a8b3cabb18db11eb67cc10e0cc6e5525d557ae7b682bb73fa2018",
                "sha256:242e4c7ae565267a8bc8b92d707177f915607ea4bd73244bec6cbf4a49b96661",
                "sha256:e7fd33a3474cbe18fd5b5620784a0fa21fcae3e402b1806e29c6b450c7f61706",
                "sha256:cc94079ae6cbcea5ae194464a30f3223f075e06a0446f52bca9ddbeb6e9f412a",
                "sha256:7222d6616108b33ad6cbeff8117062a73c43cdc8fa8f64f6a322ebeb663e710e",
                "sha256:3f655e1f99c3e14d56ca900af1b9a4715b691319a295cc38939d7f77eabd5e7c",
                "sha256:76ef6ca3c50e4cfd044861586d5f1b352e0fe7f17f883df6c165bad5b4d0e10a",
                "sha256:560a38e692a69957a70ba0e5839aa67430efd63072bf91b0539dac19055694cd",
                "sha256:d5d9edfdc5a3a01d06062d677b121081629782edf0e05ca1be14f15bb947eeee",
                "sha256:869e12bcfb5759e683f53ec1dd6155b7be034065431da289f0cb4510040a0799",
                "sha256:905414e5ea6cdb78d8730f66335755152b46685fcb9fc2f2134024e3ea9e8dcc",
                "sha256:adf716a89c9cc1891ead79a861c427071ef59172f0e11967b00565a9547b3bd0",
                "sha256:1d92cc30b0b46cced33adde5853d920179eb5ea8eecdee9552502a7f29cc3f21",
                "sha256:3b60685732bd0cbdc802dfcb6071efbcf5d927ce3127c13c33ea1a8efae3aa76"
            ],
            "version": "==3.5.2.post1"
        },
        "pyflakes": {
            "hashes": [
                "sha256:f661252913bc1dbe7fcfcbf0af0db3f42ab65aabd1a6ca68fe5d466bace94dae",
                "sha256:9a7662ec724d0120012f6e29d6248ae3727d821bba522a0e6b356eff19126a49"
            ],
            "version": "==2.0.0"
        },
        "pyparsing": {
            "hashes": [
                "sha256:fee43f17a9c4087e7ed1605bd6df994c6173c1e977d7ade7b651292fab2bd010",
                "sha256:0832bcf47acd283788593e7a0f542407bd9550a55a8a8435214a1960e04bcb04",
                "sha256:9e8143a3e15c13713506886badd96ca4b579a87fbdf49e550dbfc057d6cb218e",
                "sha256:281683241b25fe9b80ec9d66017485f6deff1af5cde372469134b56ca8447a07",
                "sha256:b8b3117ed9bdf45e14dcc89345ce638ec7e0e29b2b579fa1ecf32ce45ebac8a5",
                "sha256:8f1e18d3fd36c6795bb7e02a39fd05c611ffc2596c1e0d995d34d67630426c18",
                "sha256:e4d45427c6e20a59bf4f88c639dcc03ce30d193112047f94012102f235853a58"
            ],
            "version": "==2.2.0"
        },
        "python-dateutil": {
            "hashes": [
                "sha256:1adb80e7a782c12e52ef9a8182bebeb73f1d7e24e374397af06fb4956c8dc5c0",
                "sha256:e27001de32f627c22380a688bcc43ce83504a7bc5da472209b4c70f02829f0b8"
            ],
            "version": "==2.7.3"
        },
        "python-utils": {
            "hashes": [
                "sha256:e25f840564554eaded56eaa395bca507b0b9e9f0ae5ecb13a8cb785305c56d25",
                "sha256:34aaf26b39b0b86628008f2ae0ac001b30e7986a8d303b61e1357dfcdad4f6d3"
            ],
            "version": "==2.3.0"
        },
        "pytz": {
            "hashes": [
                "sha256:65ae0c8101309c45772196b21b74c46b2e5d11b6275c45d251b150d5da334555",
                "sha256:c06425302f2cf668f1bba7a0a03f3c1d34d4ebeef2c72003da308b3947c7f749"
            ],
            "version": "==2018.4"
        },
        "pywavelets": {
            "hashes": [
                "sha256:eb7f30782ba48cd06b957f6c7728bdcdcc3159b7805bdbd362370d8f5cb81603",
                "sha256:30782f2f38d7b89cd6c0562bba70d6cdd14eeac53d9164ee58d2a21714f34047",
                "sha256:012dfae798fb7f6e522d0c9789ce73b442d2fe98396a6091adfacd1b24d4ae2f",
                "sha256:1d9094b9e5204e446b7ea750b4f5f0bec8d62f2abd740484addde593cfe8c4d5",
                "sha256:9d8729b972943cbd1849a75beb6a87878eb3f9fa9639d027f240d25c4269ae84",
                "sha256:50f386b422cd7005b8f69fc20d1502182d80e5b9f7345d5ca4b9ff640364d77d",
                "sha256:ebb3b3f460b1bd5214c49c18ee20971c8efffb9fa482fce0687be1630202cd65",
                "sha256:e6cf3644166884a35fe45c1027cbc76bcdd5c17a74b013f51f54e73a522b1393",
                "sha256:5bc9546c6f3d1af03d0d8d7a58459115cb526c337317f64f13486e0be96a51a7",
                "sha256:d69289039d7eb2ebc3275db7bf13d34df0c1bdf51955466a8ef792a309aaf0fe",
                "sha256:5e78b45c8726249df7225da1cf1d08e07ca4d84dd66d49182f23b090f48e21dc",
                "sha256:09f42f82ecc1be2f293f83f4e9c55866272cf9f92ac7a3b72705cba7512bd723",
                "sha256:b326fd1788beaf11cb14c7c336808f46a01c43e40294070a906eedd865b67d5f",
                "sha256:1b9f0af21aa8b211cda4ff4083478a9fb66ad5a3f2c06300ac84fd9377d95dfc",
                "sha256:c8795dcabedf97b3ad4978102140c40ab8f22579eb1e7516d251d57a58dd46c1",
                "sha256:15ae04312c007501b316d24de41f8df9c2a0fa7089e3724d584cd7b1cfd8fcae",
                "sha256:6607067b46ecbac6f6f2ebca83bcc20e51d77c022c6f033f62b9ec173eee5f60",
                "sha256:3cdf80fec5d93ccf5d529e4a481a4a318b14b44624cc8857686e7c682f73e706",
                "sha256:4c4aa204cc2cee71f5ed1302caa69a0a5e1d2b36ad56997b7f64e56cf8415a78",
                "sha256:f801fa177f2756da4d7c25ff49f0f09bf56adbdfb1e05582f377948d2faf18de",
                "sha256:2e596bbc4e9bc0a544cecdb1c2355ebda73e5a5afc25b20dfa2cded8ef20c94c",
                "sha256:8287961e62f4049491b4ae6d64da71bf98acdbbe593a62c6ceb0be5f06f4d253",
                "sha256:ce36e2f0648ea1781490b09515363f1f64446b0eac524603e5db5e180113bed9"
            ],
            "version": "==0.5.2"
        },
        "requests": {
            "hashes": [
                "sha256:6a1b267aa90cac58ac3a765d067950e7dbbf75b1da07e895d1f594193a40a38b",
                "sha256:9c443e7324ba5b85070c4a818ade28bfabedf16ea10206da1132edaa6dda237e"
            ],
            "version": "==2.18.4"
        },
        "requests-toolbelt": {
            "hashes": [
                "sha256:42c9c170abc2cacb78b8ab23ac957945c7716249206f90874651971a4acff237",
                "sha256:f6a531936c6fa4c6cfce1b9c10d5c4f498d16528d2a54a22ca00011205a187b5"
            ],
            "version": "==0.8.0"
        },
        "scikit-image": {
            "hashes": [
                "sha256:9fdef28d7f54411d80d37bbcede324c45abf44ee4b804f25e52c5967dfc2a00c",
                "sha256:b16e80c49bdd764d8e22e9a4edf741913c5b5b6c0918d8c8f266c2b5e385553e",
                "sha256:944feb2920ac6a8fc63f05c4abc6811d6fd270b7b5a586cef37cb4ce65534355",
                "sha256:d109ffd1e2a314c6cb448d22e8a5fd0b8f39031faeeb38b63fbb104822f06d3a",
                "sha256:21c989eea994597a4ccb5b6cb16f6700a0b39d3e9f6c2a83a692c7345b02eb5e",
                "sha256:dc2c0a351d1c30448c52df007ef1aa3d2a49dd1ded132e89a217e8ec4afe0f04",
                "sha256:d5a12eb267cb901de57318d00d3e7514035f10a8b5d6710d7ecce7d106ca0b43",
                "sha256:f1a06c39888cfdab005cf297d854a204209d7623586546a1364ee996eb41e423",
                "sha256:a01b1d29a67b1721dcc674f88d8f8c3660c16e84a914bf4eef8ba6bf135379d7",
                "sha256:199ba92019c5549783aa629b615394bec7302572b6f5727017a78d3ccc737de9",
                "sha256:e18953a500faed68163e6cea9b274865dff27faee9186fa76a637cb23391908e",
                "sha256:7dfcd39eb004c2e1595ad6ab1d0dd1e83bc065efe6260376bb4b45df12cfa101",
                "sha256:cdb41868c766d4607ded5c158fc195853859a0e3e108ab5804c3acdd3d592d86",
                "sha256:5c27b7b7500e3405114c8fda474a5be27823741c0e8e7cdb7142c8da8895f8fb",
                "sha256:591895cf2620df3aef510c658f93069dc5e482bc244544fe2dbeda8578dcf5c5",
                "sha256:9535c1e770f476f8d79992bf632fce01da80f52a0a7e34da56834e7483771afe",
                "sha256:2c316bdec863bdd5eaa5d527a7b82a4e78237816faec46bd178b8ff7e30b5500",
                "sha256:0de04a28b48ec00ad4ba8197fa1e6bd4d382609bf56b5ba23971c6fa3bddeccf",
                "sha256:353879ddf7483f4621872c49cd9bc8a0ad1c3154ac0670b70799922f4cb899e8"
            ],
            "version": "==0.13.1"
        },
        "scipy": {
            "hashes": [
                "sha256:340ef70f5b0f4e2b4b43c8c8061165911bc6b2ad16f8de85d9774545e2c47463",
                "sha256:c22b27371b3866c92796e5d7907e914f0e58a36d3222c5d436ddd3f0e354227a",
                "sha256:d8491d4784aceb1f100ddb8e31239c54e4afab8d607928a9f7ef2469ec35ae01",
                "sha256:8190770146a4c8ed5d330d5b5ad1c76251c63349d25c96b3094875b930c44692",
                "sha256:08237eda23fd8e4e54838258b124f1cd141379a5f281b0a234ca99b38918c07a",
                "sha256:dfc5080c38dde3f43d8fbb9c0539a7839683475226cf83e4b24363b227dfe552",
                "sha256:e7a01e53163818d56eabddcafdc2090e9daba178aad05516b20c6591c4811020",
                "sha256:0e645dbfc03f279e1946cf07c9c754c2a1859cb4a41c5f70b25f6b3a586b6dbd",
                "sha256:f0521af1b722265d824d6ad055acfe9bd3341765735c44b5a4d0069e189a0f40",
                "sha256:3b243c77a822cd034dad53058d7c2abf80062aa6f4a32e9799c95d6391558631",
                "sha256:8f841bbc21d3dad2111a94c490fb0a591b8612ffea86b8e5571746ae76a3deac",
                "sha256:ee677635393414930541a096fc8e61634304bb0153e4e02b75685b11eba14cae",
                "sha256:423b3ff76957d29d1cce1bc0d62ebaf9a3fdfaf62344e3fdec14619bb7b5ad3a",
                "sha256:0611ee97296265af4a21164a5323f8c1b4e8e15c582d3dfa7610825900136bb7",
                "sha256:108c16640849e5827e7d51023efb3bd79244098c3f21e4897a1007720cb7ce37",
                "sha256:3ad73dfc6f82e494195144bd3a129c7241e761179b7cb5c07b9a0ede99c686f3",
                "sha256:d0cdd5658b49a722783b8b4f61a6f1f9c75042d0e29a30ccb6cacc9b25f6d9e2",
                "sha256:e24e22c8d98d3c704bb3410bce9b69e122a8de487ad3dbfe9985d154e5c03a40",
                "sha256:404a00314e85eca9d46b80929571b938e97a143b4f2ddc2b2b3c91a4c4ead9c5",
                "sha256:729f8f8363d32cebcb946de278324ab43d28096f36593be6281ca1ee86ce6559",
                "sha256:0e9bb7efe5f051ea7212555b290e784b82f21ffd0f655405ac4f87e288b730b3",
                "sha256:698c6409da58686f2df3d6f815491fd5b4c2de6817a45379517c92366eea208f",
                "sha256:878352408424dffaa695ffedf2f9f92844e116686923ed9aa8626fc30d32cfd1"
            ],
            "version": "==1.1.0"
        },
        "six": {
            "hashes": [
                "sha256:832dc0e10feb1aa2c68dcc57dbb658f1c7e65b9b61af69048abc87a2db00a0eb",
                "sha256:70e8a77beed4562e7f14fe23a786b54f6296e34344c23bc42f07b15018ff98e9"
            ],
            "version": "==1.11.0"
        },
        "tensorflow-gpu": {
            "hashes": [
                "sha256:3d6994be88e4358e4f7630a032b52ba2191ca9e810aa4902506394bb519bac84",
                "sha256:f3a169cbf3bb2c54e9b2f7e3803479de49e2024a305fe729bc6553b76a361d31",
                "sha256:26d437d858d55ef9ce712f1c4f8d22a353c2aba2d2bdd3ff354d2718fabafeb9",
                "sha256:713770d7bd676faae9ded02198a41aaf7231633b74bd03ba0d929d52ac85e5e9",
                "sha256:989232612b97c5fb3e50942a587bcbdcdcac029d47f4cf940f782f36923ceae5"
            ],
            "version": "==1.4.1"
        },
        "tensorflow-tensorboard": {
            "hashes": [
                "sha256:4ff1c16faa8189c921b57ccb5f05ea1e19c276d59de7dcae3d846a6267a132d0",
                "sha256:6684571c711e07b3aae25dd91cb4b106738d71acfce385b9d359ab14374ac518"
            ],
            "version": "==0.4.0"
        },
        "tensorlayer": {
            "hashes": [
                "sha256:d733a2764657a8398838b5aa00c1448754a8faed1d88ac6e18471787bc121603",
                "sha256:799d9f9317eb97e80bdbcad4dc62cd3f1338b4b99a0398e0c93628c4972a15b6",
                "sha256:5b62ddd3f2decd14f09a2df12ddda345ea56d62ae40401aed2a4f5f5df6bdd06"
            ],
            "version": "==1.8.5"
        },
        "tqdm": {
            "hashes": [
                "sha256:224291ee0d8c52d91b037fd90806f48c79bcd9994d3b0abc9e44b946a908fccd",
                "sha256:77b8424d41b31e68f437c6dd9cd567aebc9a860507cb42fbd880a5f822d966fe"
            ],
            "version": "==4.23.4"
        },
        "twine": {
            "hashes": [
                "sha256:08eb132bbaec40c6d25b358f546ec1dc96ebd2638a86eea68769d9e67fe2b129",
                "sha256:2fd9a4d9ff0bcacf41fdc40c8cb0cfaef1f1859457c9653fd1b92237cc4e9f25"
            ],
            "version": "==1.11.0"
        },
        "urllib3": {
            "hashes": [
                "sha256:06330f386d6e4b195fbfc736b297f58c5a892e4440e54d294d7004e3a9bbea1b",
                "sha256:cc44da8e1145637334317feebd728bd869a35285b93cbb4cca2577da7e62db4f"
            ],
            "version": "==1.22"
        },
        "werkzeug": {
            "hashes": [
                "sha256:d5da73735293558eb1651ee2fddc4d0dedcfa06538b8813a2e20011583c9e49b",
                "sha256:c3fd7a7d41976d9f44db327260e263132466836cef6f91512889ed60ad26557c"
            ],
            "version": "==0.14.1"
        },
        "wheel": {
            "hashes": [
                "sha256:80044e51ec5bbf6c894ba0bc48d26a8c20a9ba629f4ca19ea26ecfcf87685f5f",
                "sha256:0a2e54558a0628f2145d2fc822137e322412115173e8a2ddbe1c9024338ae83c"
            ],
            "markers": "python_version >= '3'",
            "version": "==0.31.1"
        },
        "yapf": {
            "hashes": [
                "sha256:6567745f0b6656f9c33a73c56a393071c699e6284a70d793798ab6e3769d25ec",
                "sha256:a98a6eacca64d2b920558f4a2f78150db9474de821227e60deaa29f186121c63"
            ],
            "version": "==0.22.0"
        }
    },
    "develop": {}
}
